
Microsoft Visual Studio Solution File, Format Version 12.00
# Visual Studio 15
VisualStudioVersion = 15.0.28010.2036
MinimumVisualStudioVersion = 10.0.40219.1
Project("{FAE04EC0-301F-11D3-BF4B-00C04F79EFBC}") = "Hangfire.Producer", "Hangfire.Producer\Hangfire.Producer.csproj", "{FFC3261F-05DC-483D-A1BA-2DBFD7FB1E3D}"
EndProject
Project("{FAE04EC0-301F-11D3-BF4B-00C04F79EFBC}") = "Hangfire.Server", "Hangfire.Server\Hangfire.Server.csproj", "{53A1850C-E43A-4462-BEC0-D496A6E30174}"
EndProject
Global
	GlobalSection(SolutionConfigurationPlatforms) = preSolution
		Debug|Any CPU = Debug|Any CPU
		Release|Any CPU = Release|Any CPU
	EndGlobalSection
	GlobalSection(ProjectConfigurationPlatforms) = postSolution
		{FFC3261F-05DC-483D-A1BA-2DBFD7FB1E3D}.Debug|Any CPU.ActiveCfg = Debug|Any CPU
		{FFC3261F-05DC-483D-A1BA-2DBFD7FB1E3D}.Debug|Any CPU.Build.0 = Debug|Any CPU
		{FFC3261F-05DC-483D-A1BA-2DBFD7FB1E3D}.Release|Any CPU.ActiveCfg = Release|Any CPU
		{FFC3261F-05DC-483D-A1BA-2DBFD7FB1E3D}.Release|Any CPU.Build.0 = Release|Any CPU
		{53A1850C-E43A-4462-BEC0-D496A6E30174}.Debug|Any CPU.ActiveCfg = Debug|Any CPU
		{53A1850C-E43A-4462-BEC0-D496A6E30174}.Debug|Any CPU.Build.0 = Debug|Any CPU
		{53A1850C-E43A-4462-BEC0-D496A6E30174}.Release|Any CPU.ActiveCfg = Release|Any CPU
		{53A1850C-E43A-4462-BEC0-D496A6E30174}.Release|Any CPU.Build.0 = Release|Any CPU
	EndGlobalSection
	GlobalSection(SolutionProperties) = preSolution
		HideSolutionNode = FALSE
	EndGlobalSection
	GlobalSection(ExtensibilityGlobals) = postSolution
		SolutionGuid = {FD6AB085-A4BB-4B82-9B07-E84C8F789104}
	EndGlobalSection
EndGlobal
